
Microsoft Visual Studio Solution File, Format Version 12.00
# Visual Studio Version 17
VisualStudioVersion = 17.5.33318.248
MinimumVisualStudioVersion = 10.0.40219.1
Project("{FAE04EC0-301F-11D3-BF4B-00C04F79EFBC}") = "FastReportMvc", "FastReportMvc\FastReportMvc.csproj", "{72198FF0-97F6-44A4-804E-011BE42F1112}"
EndProject
Global
	GlobalSection(SolutionConfigurationPlatforms) = preSolution
		Debug|Any CPU = Debug|Any CPU
		Release|Any CPU = Release|Any CPU
	EndGlobalSection
	GlobalSection(ProjectConfigurationPlatforms) = postSolution
		{72198FF0-97F6-44A4-804E-011BE42F1112}.Debug|Any CPU.ActiveCfg = Debug|Any CPU
		{72198FF0-97F6-44A4-804E-011BE42F1112}.Debug|Any CPU.Build.0 = Debug|Any CPU
		{72198FF0-97F6-44A4-804E-011BE42F1112}.Release|Any CPU.ActiveCfg = Release|Any CPU
		{72198FF0-97F6-44A4-804E-011BE42F1112}.Release|Any CPU.Build.0 = Release|Any CPU
	EndGlobalSection
	GlobalSection(SolutionProperties) = preSolution
		HideSolutionNode = FALSE
	EndGlobalSection
	GlobalSection(ExtensibilityGlobals) = postSolution
		SolutionGuid = {ED1F8AE2-5A4D-42D4-9141-BC5CE6EA3A9E}
	EndGlobalSection
EndGlobal
